
Microsoft Visual Studio Solution File, Format Version 12.00
# Visual Studio Version 16
VisualStudioVersion = 16.0.29411.138
MinimumVisualStudioVersion = 10.0.40219.1
Project("{9A19103F-16F7-4668-BE54-9A1E7A4F7556}") = "Chess", "Chess\Chess.csproj", "{F1B063BD-0E0F-43C0-9964-AA5579B788F8}"
EndProject
Project("{FAE04EC0-301F-11D3-BF4B-00C04F79EFBC}") = "Chess.UWP", "Chess.UWP\Chess.UWP.csproj", "{A72F716D-5184-48BC-A334-057D81C3574F}"
EndProject
Global
	GlobalSection(SolutionConfigurationPlatforms) = preSolution
		Ad-Hoc|Any CPU = Ad-Hoc|Any CPU
		Ad-Hoc|ARM = Ad-Hoc|ARM
		Ad-Hoc|iPhone = Ad-Hoc|iPhone
		Ad-Hoc|iPhoneSimulator = Ad-Hoc|iPhoneSimulator
		Ad-Hoc|x64 = Ad-Hoc|x64
		Ad-Hoc|x86 = Ad-Hoc|x86
		AppStore|Any CPU = AppStore|Any CPU
		AppStore|ARM = AppStore|ARM
		AppStore|iPhone = AppStore|iPhone
		AppStore|iPhoneSimulator = AppStore|iPhoneSimulator
		AppStore|x64 = AppStore|x64
		AppStore|x86 = AppStore|x86
		Debug|Any CPU = Debug|Any CPU
		Debug|ARM = Debug|ARM
		Debug|iPhone = Debug|iPhone
		Debug|iPhoneSimulator = Debug|iPhoneSimulator
		Debug|x64 = Debug|x64
		Debug|x86 = Debug|x86
		Release|Any CPU = Release|Any CPU
		Release|ARM = Release|ARM
		Release|iPhone = Release|iPhone
		Release|iPhoneSimulator = Release|iPhoneSimulator
		Release|x64 = Release|x64
		Release|x86 = Release|x86
	EndGlobalSection
	GlobalSection(ProjectConfigurationPlatforms) = postSolution
		{F1B063BD-0E0F-43C0-9964-AA5579B788F8}.Ad-Hoc|Any CPU.ActiveCfg = Debug|Any CPU
		{F1B063BD-0E0F-43C0-9964-AA5579B788F8}.Ad-Hoc|Any CPU.Build.0 = Debug|Any CPU
		{F1B063BD-0E0F-43C0-9964-AA5579B788F8}.Ad-Hoc|ARM.ActiveCfg = Debug|Any CPU
		{F1B063BD-0E0F-43C0-9964-AA5579B788F8}.Ad-Hoc|ARM.Build.0 = Debug|Any CPU
		{F1B063BD-0E0F-43C0-9964-AA5579B788F8}.Ad-Hoc|iPhone.ActiveCfg = Debug|Any CPU
		{F1B063BD-0E0F-43C0-9964-AA5579B788F8}.Ad-Hoc|iPhone.Build.0 = Debug|Any CPU
		{F1B063BD-0E0F-43C0-9964-AA5579B788F8}.Ad-Hoc|iPhoneSimulator.ActiveCfg = Debug|Any CPU
		{F1B063BD-0E0F-43C0-9964-AA5579B788F8}.Ad-Hoc|iPhoneSimulator.Build.0 = Debug|Any CPU
		{F1B063BD-0E0F-43C0-9964-AA5579B788F8}.Ad-Hoc|x64.ActiveCfg = Debug|Any CPU
		{F1B063BD-0E0F-43C0-9964-AA5579B788F8}.Ad-Hoc|x64.Build.0 = Debug|Any CPU
		{F1B063BD-0E0F-43C0-9964-AA5579B788F8}.Ad-Hoc|x86.ActiveCfg = Debug|Any CPU
		{F1B063BD-0E0F-43C0-9964-AA5579B788F8}.Ad-Hoc|x86.Build.0 = Debug|Any CPU
		{F1B063BD-0E0F-43C0-9964-AA5579B788F8}.AppStore|Any CPU.ActiveCfg = Debug|Any CPU
		{F1B063BD-0E0F-43C0-9964-AA5579B788F8}.AppStore|Any CPU.Build.0 = Debug|Any CPU
		{F1B063BD-0E0F-43C0-9964-AA5579B788F8}.AppStore|ARM.ActiveCfg = Debug|Any CPU
		{F1B063BD-0E0F-43C0-9964-AA5579B788F8}.AppStore|ARM.Build.0 = Debug|Any CPU
		{F1B063BD-0E0F-43C0-9964-AA5579B788F8}.AppStore|iPhone.ActiveCfg = Debug|Any CPU
		{F1B063BD-0E0F-43C0-9964-AA5579B788F8}.AppStore|iPhone.Build.0 = Debug|Any CPU
		{F1B063BD-0E0F-43C0-9964-AA5579B788F8}.AppStore|iPhoneSimulator.ActiveCfg = Debug|Any CPU
		{F1B063BD-0E0F-43C0-9964-AA5579B788F8}.AppStore|iPhoneSimulator.Build.0 = Debug|Any CPU
		{F1B063BD-0E0F-43C0-9964-AA5579B788F8}.AppStore|x64.ActiveCfg = Debug|Any CPU
		{F1B063BD-0E0F-43C0-9964-AA5579B788F8}.AppStore|x64.Build.0 = Debug|Any CPU
		{F1B063BD-0E0F-43C0-9964-AA5579B788F8}.AppStore|x86.ActiveCfg = Debug|Any CPU
		{F1B063BD-0E0F-43C0-9964-AA5579B788F8}.AppStore|x86.Build.0 = Debug|Any CPU
		{F1B063BD-0E0F-43C0-9964-AA5579B788F8}.Debug|Any CPU.ActiveCfg = Debug|Any CPU
		{F1B063BD-0E0F-43C0-9964-AA5579B788F8}.Debug|Any CPU.Build.0 = Debug|Any CPU
		{F1B063BD-0E0F-43C0-9964-AA5579B788F8}.Debug|ARM.ActiveCfg = Debug|Any CPU
		{F1B063BD-0E0F-43C0-9964-AA5579B788F8}.Debug|ARM.Build.0 = Debug|Any CPU
		{F1B063BD-0E0F-43C0-9964-AA5579B788F8}.Debug|iPhone.ActiveCfg = Debug|Any CPU
		{F1B063BD-0E0F-43C0-9964-AA5579B788F8}.Debug|iPhone.Build.0 = Debug|Any CPU
		{F1B063BD-0E0F-43C0-9964-AA5579B788F8}.Debug|iPhoneSimulator.ActiveCfg = Debug|Any CPU
		{F1B063BD-0E0F-43C0-9964-AA5579B788F8}.Debug|iPhoneSimulator.Build.0 = Debug|Any CPU
		{F1B063BD-0E0F-43C0-9964-AA5579B788F8}.Debug|x64.ActiveCfg = Debug|Any CPU
		{F1B063BD-0E0F-43C0-9964-AA5579B788F8}.Debug|x64.Build.0 = Debug|Any CPU
		{F1B063BD-0E0F-43C0-9964-AA5579B788F8}.Debug|x86.ActiveCfg = Debug|Any CPU
		{F1B063BD-0E0F-43C0-9964-AA5579B788F8}.Debug|x86.Build.0 = Debug|Any CPU
		{F1B063BD-0E0F-43C0-9964-AA5579B788F8}.Release|Any CPU.ActiveCfg = Release|Any CPU
		{F1B063BD-0E0F-43C0-9964-AA5579B788F8}.Release|Any CPU.Build.0 = Release|Any CPU
		{F1B063BD-0E0F-43C0-9964-AA5579B788F8}.Release|ARM.ActiveCfg = Release|Any CPU
		{F1B063BD-0E0F-43C0-9964-AA5579B788F8}.Release|ARM.Build.0 = Release|Any CPU
		{F1B063BD-0E0F-43C0-9964-AA5579B788F8}.Release|iPhone.ActiveCfg = Release|Any CPU
		{F1B063BD-0E0F-43C0-9964-AA5579B788F8}.Release|iPhone.Build.0 = Release|Any CPU
		{F1B063BD-0E0F-43C0-9964-AA5579B788F8}.Release|iPhoneSimulator.ActiveCfg = Release|Any CPU
		{F1B063BD-0E0F-43C0-9964-AA5579B788F8}.Release|iPhoneSimulator.Build.0 = Release|Any CPU
		{F1B063BD-0E0F-43C0-9964-AA5579B788F8}.Release|x64.ActiveCfg = Release|Any CPU
		{F1B063BD-0E0F-43C0-9964-AA5579B788F8}.Release|x64.Build.0 = Release|Any CPU
		{F1B063BD-0E0F-43C0-9964-AA5579B788F8}.Release|x86.ActiveCfg = Release|Any CPU
		{F1B063BD-0E0F-43C0-9964-AA5579B788F8}.Release|x86.Build.0 = Release|Any CPU
		{A72F716D-5184-48BC-A334-057D81C3574F}.Ad-Hoc|Any CPU.ActiveCfg = Release|x64
		{A72F716D-5184-48BC-A334-057D81C3574F}.Ad-Hoc|Any CPU.Build.0 = Release|x64
		{A72F716D-5184-48BC-A334-057D81C3574F}.Ad-Hoc|Any CPU.Deploy.0 = Release|x64
		{A72F716D-5184-48BC-A334-057D81C3574F}.Ad-Hoc|ARM.ActiveCfg = Release|ARM
		{A72F716D-5184-48BC-A334-057D81C3574F}.Ad-Hoc|ARM.Build.0 = Release|ARM
		{A72F716D-5184-48BC-A334-057D81C3574F}.Ad-Hoc|ARM.Deploy.0 = Release|ARM
		{A72F716D-5184-48BC-A334-057D81C3574F}.Ad-Hoc|iPhone.ActiveCfg = Release|x64
		{A72F716D-5184-48BC-A334-057D81C3574F}.Ad-Hoc|iPhone.Build.0 = Release|x64
		{A72F716D-5184-48BC-A334-057D81C3574F}.Ad-Hoc|iPhone.Deploy.0 = Release|x64
		{A72F716D-5184-48BC-A334-057D81C3574F}.Ad-Hoc|iPhoneSimulator.ActiveCfg = Release|x64
		{A72F716D-5184-48BC-A334-057D81C3574F}.Ad-Hoc|iPhoneSimulator.Build.0 = Release|x64
		{A72F716D-5184-48BC-A334-057D81C3574F}.Ad-Hoc|iPhoneSimulator.Deploy.0 = Release|x64
		{A72F716D-5184-48BC-A334-057D81C3574F}.Ad-Hoc|x64.ActiveCfg = Release|x64
		{A72F716D-5184-48BC-A334-057D81C3574F}.Ad-Hoc|x64.Build.0 = Release|x64
		{A72F716D-5184-48BC-A334-057D81C3574F}.Ad-Hoc|x64.Deploy.0 = Release|x64
		{A72F716D-5184-48BC-A334-057D81C3574F}.Ad-Hoc|x86.ActiveCfg = Release|x86
		{A72F716D-5184-48BC-A334-057D81C3574F}.Ad-Hoc|x86.Build.0 = Release|x86
		{A72F716D-5184-48BC-A334-057D81C3574F}.Ad-Hoc|x86.Deploy.0 = Release|x86
		{A72F716D-5184-48BC-A334-057D81C3574F}.AppStore|Any CPU.ActiveCfg = Release|x64
		{A72F716D-5184-48BC-A334-057D81C3574F}.AppStore|Any CPU.Build.0 = Release|x64
		{A72F716D-5184-48BC-A334-057D81C3574F}.AppStore|Any CPU.Deploy.0 = Release|x64
		{A72F716D-5184-48BC-A334-057D81C3574F}.AppStore|ARM.ActiveCfg = Release|ARM
		{A72F716D-5184-48BC-A334-057D81C3574F}.AppStore|ARM.Build.0 = Release|ARM
		{A72F716D-5184-48BC-A334-057D81C3574F}.AppStore|ARM.Deploy.0 = Release|ARM
		{A72F716D-5184-48BC-A334-057D81C3574F}.AppStore|iPhone.ActiveCfg = Release|x64
		{A72F716D-5184-48BC-A334-057D81C3574F}.AppStore|iPhone.Build.0 = Release|x64
		{A72F716D-5184-48BC-A334-057D81C3574F}.AppStore|iPhone.Deploy.0 = Release|x64
		{A72F716D-5184-48BC-A334-057D81C3574F}.AppStore|iPhoneSimulator.ActiveCfg = Release|x64
		{A72F716D-5184-48BC-A334-057D81C3574F}.AppStore|iPhoneSimulator.Build.0 = Release|x64
		{A72F716D-5184-48BC-A334-057D81C3574F}.AppStore|iPhoneSimulator.Deploy.0 = Release|x64
		{A72F716D-5184-48BC-A334-057D81C3574F}.AppStore|x64.ActiveCfg = Release|x64
		{A72F716D-5184-48BC-A334-057D81C3574F}.AppStore|x64.Build.0 = Release|x64
		{A72F716D-5184-48BC-A334-057D81C3574F}.AppStore|x64.Deploy.0 = Release|x64
		{A72F716D-5184-48BC-A334-057D81C3574F}.AppStore|x86.ActiveCfg = Release|x86
		{A72F716D-5184-48BC-A334-057D81C3574F}.AppStore|x86.Build.0 = Release|x86
		{A72F716D-5184-48BC-A334-057D81C3574F}.AppStore|x86.Deploy.0 = Release|x86
		{A72F716D-5184-48BC-A334-057D81C3574F}.Debug|Any CPU.ActiveCfg = Debug|x86
		{A72F716D-5184-48BC-A334-057D81C3574F}.Debug|Any CPU.Build.0 = Debug|x86
		{A72F716D-5184-48BC-A334-057D81C3574F}.Debug|Any CPU.Deploy.0 = Debug|x86
		{A72F716D-5184-48BC-A334-057D81C3574F}.Debug|ARM.ActiveCfg = Debug|ARM
		{A72F716D-5184-48BC-A334-057D81C3574F}.Debug|ARM.Build.0 = Debug|ARM
		{A72F716D-5184-48BC-A334-057D81C3574F}.Debug|ARM.Deploy.0 = Debug|ARM
		{A72F716D-5184-48BC-A334-057D81C3574F}.Debug|iPhone.ActiveCfg = Debug|x86
		{A72F716D-5184-48BC-A334-057D81C3574F}.Debug|iPhoneSimulator.ActiveCfg = Debug|x86
		{A72F716D-5184-48BC-A334-057D81C3574F}.Debug|x64.ActiveCfg = Debug|x64
		{A72F716D-5184-48BC-A334-057D81C3574F}.Debug|x64.Build.0 = Debug|x64
		{A72F716D-5184-48BC-A334-057D81C3574F}.Debug|x64.Deploy.0 = Debug|x64
		{A72F716D-5184-48BC-A334-057D81C3574F}.Debug|x86.ActiveCfg = Debug|x86
		{A72F716D-5184-48BC-A334-057D81C3574F}.Debug|x86.Build.0 = Debug|x86
		{A72F716D-5184-48BC-A334-057D81C3574F}.Debug|x86.Deploy.0 = Debug|x86
		{A72F716D-5184-48BC-A334-057D81C3574F}.Release|Any CPU.ActiveCfg = Release|x86
		{A72F716D-5184-48BC-A334-057D81C3574F}.Release|ARM.ActiveCfg = Release|ARM
		{A72F716D-5184-48BC-A334-057D81C3574F}.Release|ARM.Build.0 = Release|ARM
		{A72F716D-5184-48BC-A334-057D81C3574F}.Release|ARM.Deploy.0 = Release|ARM
		{A72F716D-5184-48BC-A334-057D81C3574F}.Release|iPhone.ActiveCfg = Release|x86
		{A72F716D-5184-48BC-A334-057D81C3574F}.Release|iPhoneSimulator.ActiveCfg = Release|x86
		{A72F716D-5184-48BC-A334-057D81C3574F}.Release|x64.ActiveCfg = Release|x64
		{A72F716D-5184-48BC-A334-057D81C3574F}.Release|x64.Build.0 = Release|x64
		{A72F716D-5184-48BC-A334-057D81C3574F}.Release|x64.Deploy.0 = Release|x64
		{A72F716D-5184-48BC-A334-057D81C3574F}.Release|x86.ActiveCfg = Release|x86
		{A72F716D-5184-48BC-A334-057D81C3574F}.Release|x86.Build.0 = Release|x86
		{A72F716D-5184-48BC-A334-057D81C3574F}.Release|x86.Deploy.0 = Release|x86
	EndGlobalSection
	GlobalSection(SolutionProperties) = preSolution
		HideSolutionNode = FALSE
	EndGlobalSection
	GlobalSection(ExtensibilityGlobals) = postSolution
		SolutionGuid = {9E6E3D7B-929F-47EA-86C4-0E8C5936BD41}
	EndGlobalSection
EndGlobal
